{
  "name": "app",
  "version": "1.0.0",
  "lockfileVersion": 3,
  "requires": true,
  "packages": {
    "": {
      "name": "app",
      "version": "1.0.0",
      "license": "ISC",
      "dependencies": {
        "sass-dart": "^1.0.0-alpha.1"
      }
    },
    "node_modules/sass-dart": {
      "version": "1.0.0-alpha.1",
      "resolved": "https://registry.npmjs.org/sass-dart/-/sass-dart-1.0.0-alpha.1.tgz",
      "integrity": "sha512-ZOhOceX/SvBXGVf9meCMD4owA5yx5aGvbOyP0G8Wcyy+k4op4M/RvLR0E/uVIJfn+fUUUU4HnJnB2nJaUMt3gg=="
    }
  }
}
